
Microsoft Visual Studio Solution File, Format Version 12.00
# Visual Studio Version 17
VisualStudioVersion = 17.9.34728.123
MinimumVisualStudioVersion = 10.0.40219.1
Project("{FAE04EC0-301F-11D3-BF4B-00C04F79EFBC}") = "Converter Web Application", "Converter Web Application.csproj", "{AC9FF9C1-7BBC-4E51-8879-F25FB9E9AE2C}"
EndProject
Global
	GlobalSection(SolutionConfigurationPlatforms) = preSolution
		Debug|Any CPU = Debug|Any CPU
		Release|Any CPU = Release|Any CPU
	EndGlobalSection
	GlobalSection(ProjectConfigurationPlatforms) = postSolution
		{AC9FF9C1-7BBC-4E51-8879-F25FB9E9AE2C}.Debug|Any CPU.ActiveCfg = Debug|Any CPU
		{AC9FF9C1-7BBC-4E51-8879-F25FB9E9AE2C}.Debug|Any CPU.Build.0 = Debug|Any CPU
		{AC9FF9C1-7BBC-4E51-8879-F25FB9E9AE2C}.Release|Any CPU.ActiveCfg = Release|Any CPU
		{AC9FF9C1-7BBC-4E51-8879-F25FB9E9AE2C}.Release|Any CPU.Build.0 = Release|Any CPU
	EndGlobalSection
	GlobalSection(SolutionProperties) = preSolution
		HideSolutionNode = FALSE
	EndGlobalSection
	GlobalSection(ExtensibilityGlobals) = postSolution
		SolutionGuid = {8C3F9429-021A-4E0D-9118-657836E7FE0C}
	EndGlobalSection
EndGlobal
